
Microsoft Visual Studio Solution File, Format Version 12.00
# Visual Studio 15
VisualStudioVersion = 15.0.28010.2041
MinimumVisualStudioVersion = 10.0.40219.1
Project("{FAE04EC0-301F-11D3-BF4B-00C04F79EFBC}") = "9.3", "9.3\9.3.csproj", "{5670C0E0-6B48-4061-9BBE-48435D805869}"
EndProject
Global
	GlobalSection(SolutionConfigurationPlatforms) = preSolution
		Debug|Any CPU = Debug|Any CPU
		Release|Any CPU = Release|Any CPU
	EndGlobalSection
	GlobalSection(ProjectConfigurationPlatforms) = postSolution
		{5670C0E0-6B48-4061-9BBE-48435D805869}.Debug|Any CPU.ActiveCfg = Debug|Any CPU
		{5670C0E0-6B48-4061-9BBE-48435D805869}.Debug|Any CPU.Build.0 = Debug|Any CPU
		{5670C0E0-6B48-4061-9BBE-48435D805869}.Release|Any CPU.ActiveCfg = Release|Any CPU
		{5670C0E0-6B48-4061-9BBE-48435D805869}.Release|Any CPU.Build.0 = Release|Any CPU
	EndGlobalSection
	GlobalSection(SolutionProperties) = preSolution
		HideSolutionNode = FALSE
	EndGlobalSection
	GlobalSection(ExtensibilityGlobals) = postSolution
		SolutionGuid = {84232EE3-2BE2-49C4-BD93-EF18265C33DF}
	EndGlobalSection
EndGlobal
