
Microsoft Visual Studio Solution File, Format Version 12.00
# Visual Studio 15
VisualStudioVersion = 15.0.28010.2041
MinimumVisualStudioVersion = 10.0.40219.1
Project("{FAE04EC0-301F-11D3-BF4B-00C04F79EFBC}") = "9.7", "9.7\9.7.csproj", "{CF9B1157-2CD3-4C63-8C5C-E64F92E91745}"
EndProject
Global
	GlobalSection(SolutionConfigurationPlatforms) = preSolution
		Debug|Any CPU = Debug|Any CPU
		Release|Any CPU = Release|Any CPU
	EndGlobalSection
	GlobalSection(ProjectConfigurationPlatforms) = postSolution
		{CF9B1157-2CD3-4C63-8C5C-E64F92E91745}.Debug|Any CPU.ActiveCfg = Debug|Any CPU
		{CF9B1157-2CD3-4C63-8C5C-E64F92E91745}.Debug|Any CPU.Build.0 = Debug|Any CPU
		{CF9B1157-2CD3-4C63-8C5C-E64F92E91745}.Release|Any CPU.ActiveCfg = Release|Any CPU
		{CF9B1157-2CD3-4C63-8C5C-E64F92E91745}.Release|Any CPU.Build.0 = Release|Any CPU
	EndGlobalSection
	GlobalSection(SolutionProperties) = preSolution
		HideSolutionNode = FALSE
	EndGlobalSection
	GlobalSection(ExtensibilityGlobals) = postSolution
		SolutionGuid = {1A83401D-8AD7-434C-9900-9B11F28D403E}
	EndGlobalSection
EndGlobal
