
Microsoft Visual Studio Solution File, Format Version 12.00
# Visual Studio 15
VisualStudioVersion = 15.0.28010.2041
MinimumVisualStudioVersion = 10.0.40219.1
Project("{FAE04EC0-301F-11D3-BF4B-00C04F79EFBC}") = "9.8", "9.8\9.8.csproj", "{A1572F12-EA7E-4A03-92EE-B24DDC6889F6}"
EndProject
Global
	GlobalSection(SolutionConfigurationPlatforms) = preSolution
		Debug|Any CPU = Debug|Any CPU
		Release|Any CPU = Release|Any CPU
	EndGlobalSection
	GlobalSection(ProjectConfigurationPlatforms) = postSolution
		{A1572F12-EA7E-4A03-92EE-B24DDC6889F6}.Debug|Any CPU.ActiveCfg = Debug|Any CPU
		{A1572F12-EA7E-4A03-92EE-B24DDC6889F6}.Debug|Any CPU.Build.0 = Debug|Any CPU
		{A1572F12-EA7E-4A03-92EE-B24DDC6889F6}.Release|Any CPU.ActiveCfg = Release|Any CPU
		{A1572F12-EA7E-4A03-92EE-B24DDC6889F6}.Release|Any CPU.Build.0 = Release|Any CPU
	EndGlobalSection
	GlobalSection(SolutionProperties) = preSolution
		HideSolutionNode = FALSE
	EndGlobalSection
	GlobalSection(ExtensibilityGlobals) = postSolution
		SolutionGuid = {A3D62D74-3B3C-4A16-8602-5E38E95361D7}
	EndGlobalSection
EndGlobal
